// !$*UTF8*$!
{
	archiveVersion = 1;
	classes = {
	};
	objectVersion = 46;
	objects = {

/* Begin PBXBuildFile section */
		4D7B68781F09C6A20069AC80 /* AppDelegate.swift in Sources */ = {isa = PBXBuildFile; fileRef = 4D7B68771F09C6A20069AC80 /* AppDelegate.swift */; };
		4D7B687A1F09C6A20069AC80 /* ViewController.swift in Sources */ = {isa = PBXBuildFile; fileRef = 4D7B68791F09C6A20069AC80 /* ViewController.swift */; };
		4D7B687D1F09C6A20069AC80 /* Main.storyboard in Resources */ = {isa = PBXBuildFile; fileRef = 4D7B687B1F09C6A20069AC80 /* Main.storyboard */; };
		4D7B687F1F09C6A20069AC80 /* Assets.xcassets in Resources */ = {isa = PBXBuildFile; fileRef = 4D7B687E1F09C6A20069AC80 /* Assets.xcassets */; };
		4D7B68821F09C6A20069AC80 /* LaunchScreen.storyboard in Resources */ = {isa = PBXBuildFile; fileRef = 4D7B68801F09C6A20069AC80 /* LaunchScreen.storyboard */; };
		4D7B688D1F09C6A20069AC80 /* TwitterTests.swift in Sources */ = {isa = PBXBuildFile; fileRef = 4D7B688C1F09C6A20069AC80 /* TwitterTests.swift */; };
		4D7B68981F09C6A20069AC80 /* TwitterUITests.swift in Sources */ = {isa = PBXBuildFile; fileRef = 4D7B68971F09C6A20069AC80 /* TwitterUITests.swift */; };
/* End PBXBuildFile section */

/* Begin PBXContainerItemProxy section */
		4D7B68891F09C6A20069AC80 /* PBXContainerItemProxy */ = {
			isa = PBXContainerItemProxy;
			containerPortal = 4D7B686C1F09C6A20069AC80 /* Project object */;
			proxyType = 1;
			remoteGlobalIDString = 4D7B68731F09C6A20069AC80;
			remoteInfo = Twitter;
		};
		4D7B68941F09C6A20069AC80 /* PBXContainerItemProxy */ = {
			isa = PBXContainerItemProxy;
			containerPortal = 4D7B686C1F09C6A20069AC80 /* Project object */;
			proxyType = 1;
			remoteGlobalIDString = 4D7B68731F09C6A20069AC80;
			remoteInfo = Twitter;
		};
/* End PBXContainerItemProxy section */

/* Begin PBXFileReference section */
		4D7B68741F09C6A20069AC80 /* Twitter.app */ = {isa = PBXFileReference; explicitFileType = wrapper.application; includeInIndex = 0; path = Twitter.app; sourceTree = BUILT_PRODUCTS_DIR; };
		4D7B68771F09C6A20069AC80 /* AppDelegate.swift */ = {isa = PBXFileReference; lastKnownFileType = sourcecode.swift; path = AppDelegate.swift; sourceTree = "<group>"; };
		4D7B68791F09C6A20069AC80 /* ViewController.swift */ = {isa = PBXFileReference; lastKnownFileType = sourcecode.swift; path = ViewController.swift; sourceTree = "<group>"; };
		4D7B687C1F09C6A20069AC80 /* Base */ = {isa = PBXFileReference; lastKnownFileType = file.storyboard; name = Base; path = Base.lproj/Main.storyboard; sourceTree = "<group>"; };
		4D7B687E1F09C6A20069AC80 /* Assets.xcassets */ = {isa = PBXFileReference; lastKnownFileType = folder.assetcatalog; path = Assets.xcassets; sourceTree = "<group>"; };
		4D7B68811F09C6A20069AC80 /* Base */ = {isa = PBXFileReference; lastKnownFileType = file.storyboard; name = Base; path = Base.lproj/LaunchScreen.storyboard; sourceTree = "<group>"; };
		4D7B68831F09C6A20069AC80 /* Info.plist */ = {isa = PBXFileReference; lastKnownFileType = text.plist.xml; path = Info.plist; sourceTree = "<group>"; };
		4D7B68881F09C6A20069AC80 /* TwitterTests.xctest */ = {isa = PBXFileReference; explicitFileType = wrapper.cfbundle; includeInIndex = 0; path = TwitterTests.xctest; sourceTree = BUILT_PRODUCTS_DIR; };
		4D7B688C1F09C6A20069AC80 /* TwitterTests.swift */ = {isa = PBXFileReference; lastKnownFileType = sourcecode.swift; path = TwitterTests.swift; sourceTree = "<group>"; };
		4D7B688E1F09C6A20069AC80 /* Info.plist */ = {isa = PBXFileReference; lastKnownFileType = text.plist.xml; path = Info.plist; sourceTree = "<group>"; };
		4D7B68931F09C6A20069AC80 /* TwitterUITests.xctest */ = {isa = PBXFileReference; explicitFileType = wrapper.cfbundle; includeInIndex = 0; path = TwitterUITests.xctest; sourceTree = BUILT_PRODUCTS_DIR; };
		4D7B68971F09C6A20069AC80 /* TwitterUITests.swift */ = {isa = PBXFileReference; lastKnownFileType = sourcecode.swift; path = TwitterUITests.swift; sourceTree = "<group>"; };
		4D7B68991F09C6A20069AC80 /* Info.plist */ = {isa = PBXFileReference; lastKnownFileType = text.plist.xml; path = Info.plist; sourceTree = "<group>"; };
/* End PBXFileReference section */

/* Begin PBXFrameworksBuildPhase section */
		4D7B68711F09C6A20069AC80 /* Frameworks */ = {
			isa = PBXFrameworksBuildPhase;
			buildActionMask = 2147483647;
			files = (
			);
			runOnlyForDeploymentPostprocessing = 0;
		};
		4D7B68851F09C6A20069AC80 /* Frameworks */ = {
			isa = PBXFrameworksBuildPhase;
			buildActionMask = 2147483647;
			files = (
			);
			runOnlyForDeploymentPostprocessing = 0;
		};
		4D7B68901F09C6A20069AC80 /* Frameworks */ = {
			isa = PBXFrameworksBuildPhase;
			buildActionMask = 2147483647;
			files = (
			);
			runOnlyForDeploymentPostprocessing = 0;
		};
/* End PBXFrameworksBuildPhase section */

/* Begin PBXGroup section */
		4D7B686B1F09C6A20069AC80 = {
			isa = PBXGroup;
			children = (
				4D7B68761F09C6A20069AC80 /* Twitter */,
				4D7B688B1F09C6A20069AC80 /* TwitterTests */,
				4D7B68961F09C6A20069AC80 /* TwitterUITests */,
				4D7B68751F09C6A20069AC80 /* Products */,
			);
			sourceTree = "<group>";
		};
		4D7B68751F09C6A20069AC80 /* Products */ = {
			isa = PBXGroup;
			children = (
				4D7B68741F09C6A20069AC80 /* Twitter.app */,
				4D7B68881F09C6A20069AC80 /* TwitterTests.xctest */,
				4D7B68931F09C6A20069AC80 /* TwitterUITests.xctest */,
			);
			name = Products;
			sourceTree = "<group>";
		};
		4D7B68761F09C6A20069AC80 /* Twitter */ = {
			isa = PBXGroup;
			children = (
				4D7B68771F09C6A20069AC80 /* AppDelegate.swift */,
				4D7B68791F09C6A20069AC80 /* ViewController.swift */,
				4D7B687B1F09C6A20069AC80 /* Main.storyboard */,
				4D7B687E1F09C6A20069AC80 /* Assets.xcassets */,
				4D7B68801F09C6A20069AC80 /* LaunchScreen.storyboard */,
				4D7B68831F09C6A20069AC80 /* Info.plist */,
			);
			path = Twitter;
			sourceTree = "<group>";
		};
		4D7B688B1F09C6A20069AC80 /* TwitterTests */ = {
			isa = PBXGroup;
			children = (
				4D7B688C1F09C6A20069AC80 /* TwitterTests.swift */,
				4D7B688E1F09C6A20069AC80 /* Info.plist */,
			);
			path = TwitterTests;
			sourceTree = "<group>";
		};
		4D7B68961F09C6A20069AC80 /* TwitterUITests */ = {
			isa = PBXGroup;
			children = (
				4D7B68971F09C6A20069AC80 /* TwitterUITests.swift */,
				4D7B68991F09C6A20069AC80 /* Info.plist */,
			);
			path = TwitterUITests;
			sourceTree = "<group>";
		};
/* End PBXGroup section */

/* Begin PBXNativeTarget section */
		4D7B68731F09C6A20069AC80 /* Twitter */ = {
			isa = PBXNativeTarget;
			buildConfigurationList = 4D7B689C1F09C6A20069AC80 /* Build configuration list for PBXNativeTarget "Twitter" */;
			buildPhases = (
				4D7B68701F09C6A20069AC80 /* Sources */,
				4D7B68711F09C6A20069AC80 /* Frameworks */,
				4D7B68721F09C6A20069AC80 /* Resources */,
			);
			buildRules = (
			);
			dependencies = (
			);
			name = Twitter;
			productName = Twitter;
			productReference = 4D7B68741F09C6A20069AC80 /* Twitter.app */;
			productType = "com.apple.product-type.application";
		};
		4D7B68871F09C6A20069AC80 /* TwitterTests */ = {
			isa = PBXNativeTarget;
			buildConfigurationList = 4D7B689F1F09C6A20069AC80 /* Build configuration list for PBXNativeTarget "TwitterTests" */;
			buildPhases = (
				4D7B68841F09C6A20069AC80 /* Sources */,
				4D7B68851F09C6A20069AC80 /* Frameworks */,
				4D7B68861F09C6A20069AC80 /* Resources */,
			);
			buildRules = (
			);
			dependencies = (
				4D7B688A1F09C6A20069AC80 /* PBXTargetDependency */,
			);
			name = TwitterTests;
			productName = TwitterTests;
			productReference = 4D7B68881F09C6A20069AC80 /* TwitterTests.xctest */;
			productType = "com.apple.product-type.bundle.unit-test";
		};
		4D7B68921F09C6A20069AC80 /* TwitterUITests */ = {
			isa = PBXNativeTarget;
			buildConfigurationList = 4D7B68A21F09C6A20069AC80 /* Build configuration list for PBXNativeTarget "TwitterUITests" */;
			buildPhases = (
				4D7B688F1F09C6A20069AC80 /* Sources */,
				4D7B68901F09C6A20069AC80 /* Frameworks */,
				4D7B68911F09C6A20069AC80 /* Resources */,
			);
			buildRules = (
			);
			dependencies = (
				4D7B68951F09C6A20069AC80 /* PBXTargetDependency */,
			);
			name = TwitterUITests;
			productName = TwitterUITests;
			productReference = 4D7B68931F09C6A20069AC80 /* TwitterUITests.xctest */;
			productType = "com.apple.product-type.bundle.ui-testing";
		};
/* End PBXNativeTarget section */

/* Begin PBXProject section */
		4D7B686C1F09C6A20069AC80 /* Project object */ = {
			isa = PBXProject;
			attributes = {
				LastSwiftUpdateCheck = 0830;
				LastUpgradeCheck = 0830;
				ORGANIZATIONNAME = "Alvin Magee";
				TargetAttributes = {
					4D7B68731F09C6A20069AC80 = {
						CreatedOnToolsVersion = 8.3.3;
						DevelopmentTeam = 392UAJDK5U;
						ProvisioningStyle = Automatic;
					};
					4D7B68871F09C6A20069AC80 = {
						CreatedOnToolsVersion = 8.3.3;
						DevelopmentTeam = 392UAJDK5U;
						ProvisioningStyle = Automatic;
						TestTargetID = 4D7B68731F09C6A20069AC80;
					};
					4D7B68921F09C6A20069AC80 = {
						CreatedOnToolsVersion = 8.3.3;
						DevelopmentTeam = 392UAJDK5U;
						ProvisioningStyle = Automatic;
						TestTargetID = 4D7B68731F09C6A20069AC80;
					};
				};
			};
			buildConfigurationList = 4D7B686F1F09C6A20069AC80 /* Build configuration list for PBXProject "Twitter" */;
			compatibilityVersion = "Xcode 3.2";
			developmentRegion = English;
			hasScannedForEncodings = 0;
			knownRegions = (
				en,
				Base,
			);
			mainGroup = 4D7B686B1F09C6A20069AC80;
			productRefGroup = 4D7B68751F09C6A20069AC80 /* Products */;
			projectDirPath = "";
			projectRoot = "";
			targets = (
				4D7B68731F09C6A20069AC80 /* Twitter */,
				4D7B68871F09C6A20069AC80 /* TwitterTests */,
				4D7B68921F09C6A20069AC80 /* TwitterUITests */,
			);
		};
/* End PBXProject section */

/* Begin PBXResourcesBuildPhase section */
		4D7B68721F09C6A20069AC80 /* Resources */ = {
			isa = PBXResourcesBuildPhase;
			buildActionMask = 2147483647;
			files = (
				4D7B68821F09C6A20069AC80 /* LaunchScreen.storyboard in Resources */,
				4D7B687F1F09C6A20069AC80 /* Assets.xcassets in Resources */,
				4D7B687D1F09C6A20069AC80 /* Main.storyboard in Resources */,
			);
			runOnlyForDeploymentPostprocessing = 0;
		};
		4D7B68861F09C6A20069AC80 /* Resources */ = {
			isa = PBXResourcesBuildPhase;
			buildActionMask = 2147483647;
			files = (
			);
			runOnlyForDeploymentPostprocessing = 0;
		};
		4D7B68911F09C6A20069AC80 /* Resources */ = {
			isa = PBXResourcesBuildPhase;
			buildActionMask = 2147483647;
			files = (
			);
			runOnlyForDeploymentPostprocessing = 0;
		};
/* End PBXResourcesBuildPhase section */

/* Begin PBXSourcesBuildPhase section */
		4D7B68701F09C6A20069AC80 /* Sources */ = {
			isa = PBXSourcesBuildPhase;
			buildActionMask = 2147483647;
			files = (
				4D7B687A1F09C6A20069AC80 /* ViewController.swift in Sources */,
				4D7B68781F09C6A20069AC80 /* AppDelegate.swift in Sources */,
			);
			runOnlyForDeploymentPostprocessing = 0;
		};
		4D7B68841F09C6A20069AC80 /* Sources */ = {
			isa = PBXSourcesBuildPhase;
			buildActionMask = 2147483647;
			files = (
				4D7B688D1F09C6A20069AC80 /* TwitterTests.swift in Sources */,
			);
			runOnlyForDeploymentPostprocessing = 0;
		};
		4D7B688F1F09C6A20069AC80 /* Sources */ = {
			isa = PBXSourcesBuildPhase;
			buildActionMask = 2147483647;
			files = (
				4D7B68981F09C6A20069AC80 /* TwitterUITests.swift in Sources */,
			);
			runOnlyForDeploymentPostprocessing = 0;
		};
/* End PBXSourcesBuildPhase section */

/* Begin PBXTargetDependency section */
		4D7B688A1F09C6A20069AC80 /* PBXTargetDependency */ = {
			isa = PBXTargetDependency;
			target = 4D7B68731F09C6A20069AC80 /* Twitter */;
			targetProxy = 4D7B68891F09C6A20069AC80 /* PBXContainerItemProxy */;
		};
		4D7B68951F09C6A20069AC80 /* PBXTargetDependency */ = {
			isa = PBXTargetDependency;
			target = 4D7B68731F09C6A20069AC80 /* Twitter */;
			targetProxy = 4D7B68941F09C6A20069AC80 /* PBXContainerItemProxy */;
		};
/* End PBXTargetDependency section */

/* Begin PBXVariantGroup section */
		4D7B687B1F09C6A20069AC80 /* Main.storyboard */ = {
			isa = PBXVariantGroup;
			children = (
				4D7B687C1F09C6A20069AC80 /* Base */,
			);
			name = Main.storyboard;
			sourceTree = "<group>";
		};
		4D7B68801F09C6A20069AC80 /* LaunchScreen.storyboard */ = {
			isa = PBXVariantGroup;
			children = (
				4D7B68811F09C6A20069AC80 /* Base */,
			);
			name = LaunchScreen.storyboard;
			sourceTree = "<group>";
		};
/* End PBXVariantGroup section */

/* Begin XCBuildConfiguration section */
		4D7B689A1F09C6A20069AC80 /* Debug */ = {
			isa = XCBuildConfiguration;
			buildSettings = {
				ALWAYS_SEARCH_USER_PATHS = NO;
				CLANG_ANALYZER_NONNULL = YES;
				CLANG_ANALYZER_NUMBER_OBJECT_CONVERSION = YES_AGGRESSIVE;
				CLANG_CXX_LANGUAGE_STANDARD = "gnu++0x";
				CLANG_CXX_LIBRARY = "libc++";
				CLANG_ENABLE_MODULES = YES;
				CLANG_ENABLE_OBJC_ARC = YES;
				CLANG_WARN_BOOL_CONVERSION = YES;
				CLANG_WARN_CONSTANT_CONVERSION = YES;
				CLANG_WARN_DIRECT_OBJC_ISA_USAGE = YES_ERROR;
				CLANG_WARN_DOCUMENTATION_COMMENTS = YES;
				CLANG_WARN_EMPTY_BODY = YES;
				CLANG_WARN_ENUM_CONVERSION = YES;
				CLANG_WARN_INFINITE_RECURSION = YES;
				CLANG_WARN_INT_CONVERSION = YES;
				CLANG_WARN_OBJC_ROOT_CLASS = YES_ERROR;
				CLANG_WARN_SUSPICIOUS_MOVE = YES;
				CLANG_WARN_UNREACHABLE_CODE = YES;
				CLANG_WARN__DUPLICATE_METHOD_MATCH = YES;
				"CODE_SIGN_IDENTITY[sdk=iphoneos*]" = "iPhone Developer";
				COPY_PHASE_STRIP = NO;
				DEBUG_INFORMATION_FORMAT = dwarf;
				ENABLE_STRICT_OBJC_MSGSEND = YES;
				ENABLE_TESTABILITY = YES;
				GCC_C_LANGUAGE_STANDARD = gnu99;
				GCC_DYNAMIC_NO_PIC = NO;
				GCC_NO_COMMON_BLOCKS = YES;
				GCC_OPTIMIZATION_LEVEL = 0;
				GCC_PREPROCESSOR_DEFINITIONS = (
					"DEBUG=1",
					"$(inherited)",
				);
				GCC_WARN_64_TO_32_BIT_CONVERSION = YES;
				GCC_WARN_ABOUT_RETURN_TYPE = YES_ERROR;
				GCC_WARN_UNDECLARED_SELECTOR = YES;
				GCC_WARN_UNINITIALIZED_AUTOS = YES_AGGRESSIVE;
				GCC_WARN_UNUSED_FUNCTION = YES;
				GCC_WARN_UNUSED_VARIABLE = YES;
				IPHONEOS_DEPLOYMENT_TARGET = 10.3;
				MTL_ENABLE_DEBUG_INFO = YES;
				ONLY_ACTIVE_ARCH = YES;
				SDKROOT = iphoneos;
				SWIFT_ACTIVE_COMPILATION_CONDITIONS = DEBUG;
				SWIFT_OPTIMIZATION_LEVEL = "-Onone";
				TARGETED_DEVICE_FAMILY = "1,2";
			};
			name = Debug;
		};
		4D7B689B1F09C6A20069AC80 /* Release */ = {
			isa = XCBuildConfiguration;
			buildSettings = {
				ALWAYS_SEARCH_USER_PATHS = NO;
				CLANG_ANALYZER_NONNULL = YES;
				CLANG_ANALYZER_NUMBER_OBJECT_CONVERSION = YES_AGGRESSIVE;
				CLANG_CXX_LANGUAGE_STANDARD = "gnu++0x";
				CLANG_CXX_LIBRARY = "libc++";
				CLANG_ENABLE_MODULES = YES;
				CLANG_ENABLE_OBJC_ARC = YES;
				CLANG_WARN_BOOL_CONVERSION = YES;
				CLANG_WARN_CONSTANT_CONVERSION = YES;
				CLANG_WARN_DIRECT_OBJC_ISA_USAGE = YES_ERROR;
				CLANG_WARN_DOCUMENTATION_COMMENTS = YES;
				CLANG_WARN_EMPTY_BODY = YES;
				CLANG_WARN_ENUM_CONVERSION = YES;
				CLANG_WARN_INFINITE_RECURSION = YES;
				CLANG_WARN_INT_CONVERSION = YES;
				CLANG_WARN_OBJC_ROOT_CLASS = YES_ERROR;
				CLANG_WARN_SUSPICIOUS_MOVE = YES;
				CLANG_WARN_UNREACHABLE_CODE = YES;
				CLANG_WARN__DUPLICATE_METHOD_MATCH = YES;
				"CODE_SIGN_IDENTITY[sdk=iphoneos*]" = "iPhone Developer";
				COPY_PHASE_STRIP = NO;
				DEBUG_INFORMATION_FORMAT = "dwarf-with-dsym";
				ENABLE_NS_ASSERTIONS = NO;
				ENABLE_STRICT_OBJC_MSGSEND = YES;
				GCC_C_LANGUAGE_STANDARD = gnu99;
				GCC_NO_COMMON_BLOCKS = YES;
				GCC_WARN_64_TO_32_BIT_CONVERSION = YES;
				GCC_WARN_ABOUT_RETURN_TYPE = YES_ERROR;
				GCC_WARN_UNDECLARED_SELECTOR = YES;
				GCC_WARN_UNINITIALIZED_AUTOS = YES_AGGRESSIVE;
				GCC_WARN_UNUSED_FUNCTION = YES;
				GCC_WARN_UNUSED_VARIABLE = YES;
				IPHONEOS_DEPLOYMENT_TARGET = 10.3;
				MTL_ENABLE_DEBUG_INFO = NO;
				SDKROOT = iphoneos;
				SWIFT_OPTIMIZATION_LEVEL = "-Owholemodule";
				TARGETED_DEVICE_FAMILY = "1,2";
				VALIDATE_PRODUCT = YES;
			};
			name = Release;
		};
		4D7B689D1F09C6A20069AC80 /* Debug */ = {
			isa = XCBuildConfiguration;
			buildSettings = {
				ASSETCATALOG_COMPILER_APPICON_NAME = AppIcon;
				DEVELOPMENT_TEAM = 392UAJDK5U;
				INFOPLIST_FILE = Twitter/Info.plist;
				LD_RUNPATH_SEARCH_PATHS = "$(inherited) @executable_path/Frameworks";
				PRODUCT_BUNDLE_IDENTIFIER = com.alvin.Twitter;
				PRODUCT_NAME = "$(TARGET_NAME)";
				SWIFT_VERSION = 3.0;
			};
			name = Debug;
		};
		4D7B689E1F09C6A20069AC80 /* Release */ = {
			isa = XCBuildConfiguration;
			buildSettings = {
				ASSETCATALOG_COMPILER_APPICON_NAME = AppIcon;
				DEVELOPMENT_TEAM = 392UAJDK5U;
				INFOPLIST_FILE = Twitter/Info.plist;
				LD_RUNPATH_SEARCH_PATHS = "$(inherited) @executable_path/Frameworks";
				PRODUCT_BUNDLE_IDENTIFIER = com.alvin.Twitter;
				PRODUCT_NAME = "$(TARGET_NAME)";
				SWIFT_VERSION = 3.0;
			};
			name = Release;
		};
		4D7B68A01F09C6A20069AC80 /* Debug */ = {
			isa = XCBuildConfiguration;
			buildSettings = {
				ALWAYS_EMBED_SWIFT_STANDARD_LIBRARIES = YES;
				BUNDLE_LOADER = "$(TEST_HOST)";
				DEVELOPMENT_TEAM = 392UAJDK5U;
				INFOPLIST_FILE = TwitterTests/Info.plist;
				LD_RUNPATH_SEARCH_PATHS = "$(inherited) @executable_path/Frameworks @loader_path/Frameworks";
				PRODUCT_BUNDLE_IDENTIFIER = com.alvin.TwitterTests;
				PRODUCT_NAME = "$(TARGET_NAME)";
				SWIFT_VERSION = 3.0;
				TEST_HOST = "$(BUILT_PRODUCTS_DIR)/Twitter.app/Twitter";
			};
			name = Debug;
		};
		4D7B68A11F09C6A20069AC80 /* Release */ = {
			isa = XCBuildConfiguration;
			buildSettings = {
				ALWAYS_EMBED_SWIFT_STANDARD_LIBRARIES = YES;
				BUNDLE_LOADER = "$(TEST_HOST)";
				DEVELOPMENT_TEAM = 392UAJDK5U;
				INFOPLIST_FILE = TwitterTests/Info.plist;
				LD_RUNPATH_SEARCH_PATHS = "$(inherited) @executable_path/Frameworks @loader_path/Frameworks";
				PRODUCT_BUNDLE_IDENTIFIER = com.alvin.TwitterTests;
				PRODUCT_NAME = "$(TARGET_NAME)";
				SWIFT_VERSION = 3.0;
				TEST_HOST = "$(BUILT_PRODUCTS_DIR)/Twitter.app/Twitter";
			};
			name = Release;
		};
		4D7B68A31F09C6A20069AC80 /* Debug */ = {
			isa = XCBuildConfiguration;
			buildSettings = {
				ALWAYS_EMBED_SWIFT_STANDARD_LIBRARIES = YES;
				DEVELOPMENT_TEAM = 392UAJDK5U;
				INFOPLIST_FILE = TwitterUITests/Info.plist;
				LD_RUNPATH_SEARCH_PATHS = "$(inherited) @executable_path/Frameworks @loader_path/Frameworks";
				PRODUCT_BUNDLE_IDENTIFIER = com.alvin.TwitterUITests;
				PRODUCT_NAME = "$(TARGET_NAME)";
				SWIFT_VERSION = 3.0;
				TEST_TARGET_NAME = Twitter;
			};
			name = Debug;
		};
		4D7B68A41F09C6A20069AC80 /* Release */ = {
			isa = XCBuildConfiguration;
			buildSettings = {
				ALWAYS_EMBED_SWIFT_STANDARD_LIBRARIES = YES;
				DEVELOPMENT_TEAM = 392UAJDK5U;
				INFOPLIST_FILE = TwitterUITests/Info.plist;
				LD_RUNPATH_SEARCH_PATHS = "$(inherited) @executable_path/Frameworks @loader_path/Frameworks";
				PRODUCT_BUNDLE_IDENTIFIER = com.alvin.TwitterUITests;
				PRODUCT_NAME = "$(TARGET_NAME)";
				SWIFT_VERSION = 3.0;
				TEST_TARGET_NAME = Twitter;
			};
			name = Release;
		};
/* End XCBuildConfiguration section */

/* Begin XCConfigurationList section */
		4D7B686F1F09C6A20069AC80 /* Build configuration list for PBXProject "Twitter" */ = {
			isa = XCConfigurationList;
			buildConfigurations = (
				4D7B689A1F09C6A20069AC80 /* Debug */,
				4D7B689B1F09C6A20069AC80 /* Release */,
			);
			defaultConfigurationIsVisible = 0;
			defaultConfigurationName = Release;
		};
		4D7B689C1F09C6A20069AC80 /* Build configuration list for PBXNativeTarget "Twitter" */ = {
			isa = XCConfigurationList;
			buildConfigurations = (
				4D7B689D1F09C6A20069AC80 /* Debug */,
				4D7B689E1F09C6A20069AC80 /* Release */,
			);
			defaultConfigurationIsVisible = 0;
		};
		4D7B689F1F09C6A20069AC80 /* Build configuration list for PBXNativeTarget "TwitterTests" */ = {
			isa = XCConfigurationList;
			buildConfigurations = (
				4D7B68A01F09C6A20069AC80 /* Debug */,
				4D7B68A11F09C6A20069AC80 /* Release */,
			);
			defaultConfigurationIsVisible = 0;
		};
		4D7B68A21F09C6A20069AC80 /* Build configuration list for PBXNativeTarget "TwitterUITests" */ = {
			isa = XCConfigurationList;
			buildConfigurations = (
				4D7B68A31F09C6A20069AC80 /* Debug */,
				4D7B68A41F09C6A20069AC80 /* Release */,
			);
			defaultConfigurationIsVisible = 0;
		};
/* End XCConfigurationList section */
	};
	rootObject = 4D7B686C1F09C6A20069AC80 /* Project object */;
}
